// !$*UTF8*$!
{
	archiveVersion = 1;
	classes = {
	};
	objectVersion = 46;
	objects = {

/* Begin PBXBuildFile section */
		34827BA11DB041E7002E4062 /* RuleTests.swift in Sources */ = {isa = PBXBuildFile; fileRef = 34827BA01DB041E7002E4062 /* RuleTests.swift */; };
		34827BA31DB0429C002E4062 /* Rule.swift in Sources */ = {isa = PBXBuildFile; fileRef = 34827BA21DB0429C002E4062 /* Rule.swift */; };
		3485988D1DAE969300918CB7 /* AppDelegate.swift in Sources */ = {isa = PBXBuildFile; fileRef = 3485988C1DAE969300918CB7 /* AppDelegate.swift */; };
		3485988F1DAE969300918CB7 /* ViewController.swift in Sources */ = {isa = PBXBuildFile; fileRef = 3485988E1DAE969300918CB7 /* ViewController.swift */; };
		348598921DAE969300918CB7 /* Main.storyboard in Resources */ = {isa = PBXBuildFile; fileRef = 348598901DAE969300918CB7 /* Main.storyboard */; };
		348598941DAE969300918CB7 /* Assets.xcassets in Resources */ = {isa = PBXBuildFile; fileRef = 348598931DAE969300918CB7 /* Assets.xcassets */; };
		348598971DAE969300918CB7 /* LaunchScreen.storyboard in Resources */ = {isa = PBXBuildFile; fileRef = 348598951DAE969300918CB7 /* LaunchScreen.storyboard */; };
		348598A21DAE969300918CB7 /* BoardTests.swift in Sources */ = {isa = PBXBuildFile; fileRef = 348598A11DAE969300918CB7 /* BoardTests.swift */; };
		348598AD1DAE973A00918CB7 /* Board.swift in Sources */ = {isa = PBXBuildFile; fileRef = 348598AC1DAE973A00918CB7 /* Board.swift */; };
		348598AF1DAE9E3F00918CB7 /* Stone.swift in Sources */ = {isa = PBXBuildFile; fileRef = 348598AE1DAE9E3F00918CB7 /* Stone.swift */; };
		348598B11DAE9E5000918CB7 /* Position.swift in Sources */ = {isa = PBXBuildFile; fileRef = 348598B01DAE9E5000918CB7 /* Position.swift */; };
		348598B31DAEAB5A00918CB7 /* BoardError.swift in Sources */ = {isa = PBXBuildFile; fileRef = 348598B21DAEAB5A00918CB7 /* BoardError.swift */; };
/* End PBXBuildFile section */

/* Begin PBXContainerItemProxy section */
		3485989E1DAE969300918CB7 /* PBXContainerItemProxy */ = {
			isa = PBXContainerItemProxy;
			containerPortal = 348598811DAE969300918CB7 /* Project object */;
			proxyType = 1;
			remoteGlobalIDString = 348598881DAE969300918CB7;
			remoteInfo = Gomoku;
		};
/* End PBXContainerItemProxy section */

/* Begin PBXFileReference section */
		34827BA01DB041E7002E4062 /* RuleTests.swift */ = {isa = PBXFileReference; fileEncoding = 4; lastKnownFileType = sourcecode.swift; path = RuleTests.swift; sourceTree = "<group>"; };
		34827BA21DB0429C002E4062 /* Rule.swift */ = {isa = PBXFileReference; fileEncoding = 4; lastKnownFileType = sourcecode.swift; path = Rule.swift; sourceTree = "<group>"; };
		348598891DAE969300918CB7 /* Gomoku.app */ = {isa = PBXFileReference; explicitFileType = wrapper.application; includeInIndex = 0; path = Gomoku.app; sourceTree = BUILT_PRODUCTS_DIR; };
		3485988C1DAE969300918CB7 /* AppDelegate.swift */ = {isa = PBXFileReference; lastKnownFileType = sourcecode.swift; path = AppDelegate.swift; sourceTree = "<group>"; };
		3485988E1DAE969300918CB7 /* ViewController.swift */ = {isa = PBXFileReference; lastKnownFileType = sourcecode.swift; path = ViewController.swift; sourceTree = "<group>"; };
		348598911DAE969300918CB7 /* Base */ = {isa = PBXFileReference; lastKnownFileType = file.storyboard; name = Base; path = Base.lproj/Main.storyboard; sourceTree = "<group>"; };
		348598931DAE969300918CB7 /* Assets.xcassets */ = {isa = PBXFileReference; lastKnownFileType = folder.assetcatalog; path = Assets.xcassets; sourceTree = "<group>"; };
		348598961DAE969300918CB7 /* Base */ = {isa = PBXFileReference; lastKnownFileType = file.storyboard; name = Base; path = Base.lproj/LaunchScreen.storyboard; sourceTree = "<group>"; };
		348598981DAE969300918CB7 /* Info.plist */ = {isa = PBXFileReference; lastKnownFileType = text.plist.xml; path = Info.plist; sourceTree = "<group>"; };
		3485989D1DAE969300918CB7 /* GomokuTests.xctest */ = {isa = PBXFileReference; explicitFileType = wrapper.cfbundle; includeInIndex = 0; path = GomokuTests.xctest; sourceTree = BUILT_PRODUCTS_DIR; };
		348598A11DAE969300918CB7 /* BoardTests.swift */ = {isa = PBXFileReference; lastKnownFileType = sourcecode.swift; path = BoardTests.swift; sourceTree = "<group>"; };
		348598A31DAE969300918CB7 /* Info.plist */ = {isa = PBXFileReference; lastKnownFileType = text.plist.xml; path = Info.plist; sourceTree = "<group>"; };
		348598AC1DAE973A00918CB7 /* Board.swift */ = {isa = PBXFileReference; fileEncoding = 4; lastKnownFileType = sourcecode.swift; path = Board.swift; sourceTree = "<group>"; };
		348598AE1DAE9E3F00918CB7 /* Stone.swift */ = {isa = PBXFileReference; fileEncoding = 4; lastKnownFileType = sourcecode.swift; path = Stone.swift; sourceTree = "<group>"; };
		348598B01DAE9E5000918CB7 /* Position.swift */ = {isa = PBXFileReference; fileEncoding = 4; lastKnownFileType = sourcecode.swift; path = Position.swift; sourceTree = "<group>"; };
		348598B21DAEAB5A00918CB7 /* BoardError.swift */ = {isa = PBXFileReference; fileEncoding = 4; lastKnownFileType = sourcecode.swift; path = BoardError.swift; sourceTree = "<group>"; };
/* End PBXFileReference section */

/* Begin PBXFrameworksBuildPhase section */
		348598861DAE969300918CB7 /* Frameworks */ = {
			isa = PBXFrameworksBuildPhase;
			buildActionMask = 2147483647;
			files = (
			);
			runOnlyForDeploymentPostprocessing = 0;
		};
		3485989A1DAE969300918CB7 /* Frameworks */ = {
			isa = PBXFrameworksBuildPhase;
			buildActionMask = 2147483647;
			files = (
			);
			runOnlyForDeploymentPostprocessing = 0;
		};
/* End PBXFrameworksBuildPhase section */

/* Begin PBXGroup section */
		347BD7781DB1763B007CFC42 /* Base */ = {
			isa = PBXGroup;
			children = (
				3485988C1DAE969300918CB7 /* AppDelegate.swift */,
				348598931DAE969300918CB7 /* Assets.xcassets */,
				348598981DAE969300918CB7 /* Info.plist */,
			);
			path = Base;
			sourceTree = "<group>";
		};
		347BD7791DB17648007CFC42 /* ViewControllers */ = {
			isa = PBXGroup;
			children = (
				3485988E1DAE969300918CB7 /* ViewController.swift */,
			);
			path = ViewControllers;
			sourceTree = "<group>";
		};
		347BD77A1DB17659007CFC42 /* Views */ = {
			isa = PBXGroup;
			children = (
				348598951DAE969300918CB7 /* LaunchScreen.storyboard */,
				348598901DAE969300918CB7 /* Main.storyboard */,
			);
			path = Views;
			sourceTree = "<group>";
		};
		347BD77B1DB1766E007CFC42 /* Base */ = {
			isa = PBXGroup;
			children = (
				348598A31DAE969300918CB7 /* Info.plist */,
			);
			path = Base;
			sourceTree = "<group>";
		};
		348598801DAE969300918CB7 = {
			isa = PBXGroup;
			children = (
				3485988B1DAE969300918CB7 /* Gomoku */,
				348598A01DAE969300918CB7 /* GomokuTests */,
				3485988A1DAE969300918CB7 /* Products */,
			);
			sourceTree = "<group>";
		};
		3485988A1DAE969300918CB7 /* Products */ = {
			isa = PBXGroup;
			children = (
				348598891DAE969300918CB7 /* Gomoku.app */,
				3485989D1DAE969300918CB7 /* GomokuTests.xctest */,
			);
			name = Products;
			sourceTree = "<group>";
		};
		3485988B1DAE969300918CB7 /* Gomoku */ = {
			isa = PBXGroup;
			children = (
				347BD7781DB1763B007CFC42 /* Base */,
				347BD7791DB17648007CFC42 /* ViewControllers */,
				347BD77A1DB17659007CFC42 /* Views */,
				348598AC1DAE973A00918CB7 /* Board.swift */,
				348598B21DAEAB5A00918CB7 /* BoardError.swift */,
				348598B01DAE9E5000918CB7 /* Position.swift */,
				34827BA21DB0429C002E4062 /* Rule.swift */,
				348598AE1DAE9E3F00918CB7 /* Stone.swift */,
			);
			path = Gomoku;
			sourceTree = "<group>";
		};
		348598A01DAE969300918CB7 /* GomokuTests */ = {
			isa = PBXGroup;
			children = (
				347BD77B1DB1766E007CFC42 /* Base */,
				348598A11DAE969300918CB7 /* BoardTests.swift */,
				34827BA01DB041E7002E4062 /* RuleTests.swift */,
			);
			path = GomokuTests;
			sourceTree = "<group>";
		};
/* End PBXGroup section */

/* Begin PBXNativeTarget section */
		348598881DAE969300918CB7 /* Gomoku */ = {
			isa = PBXNativeTarget;
			buildConfigurationList = 348598A61DAE969300918CB7 /* Build configuration list for PBXNativeTarget "Gomoku" */;
			buildPhases = (
				348598851DAE969300918CB7 /* Sources */,
				348598861DAE969300918CB7 /* Frameworks */,
				348598871DAE969300918CB7 /* Resources */,
			);
			buildRules = (
			);
			dependencies = (
			);
			name = Gomoku;
			productName = Gomoku;
			productReference = 348598891DAE969300918CB7 /* Gomoku.app */;
			productType = "com.apple.product-type.application";
		};
		3485989C1DAE969300918CB7 /* GomokuTests */ = {
			isa = PBXNativeTarget;
			buildConfigurationList = 348598A91DAE969300918CB7 /* Build configuration list for PBXNativeTarget "GomokuTests" */;
			buildPhases = (
				348598991DAE969300918CB7 /* Sources */,
				3485989A1DAE969300918CB7 /* Frameworks */,
				3485989B1DAE969300918CB7 /* Resources */,
			);
			buildRules = (
			);
			dependencies = (
				3485989F1DAE969300918CB7 /* PBXTargetDependency */,
			);
			name = GomokuTests;
			productName = GomokuTests;
			productReference = 3485989D1DAE969300918CB7 /* GomokuTests.xctest */;
			productType = "com.apple.product-type.bundle.unit-test";
		};
/* End PBXNativeTarget section */

/* Begin PBXProject section */
		348598811DAE969300918CB7 /* Project object */ = {
			isa = PBXProject;
			attributes = {
				LastSwiftUpdateCheck = 0730;
				LastUpgradeCheck = 0810;
				ORGANIZATIONNAME = "Ronan R. Nunes";
				TargetAttributes = {
					348598881DAE969300918CB7 = {
						CreatedOnToolsVersion = 7.3.1;
						LastSwiftMigration = 0810;
					};
					3485989C1DAE969300918CB7 = {
						CreatedOnToolsVersion = 7.3.1;
						LastSwiftMigration = 0810;
						TestTargetID = 348598881DAE969300918CB7;
					};
				};
			};
			buildConfigurationList = 348598841DAE969300918CB7 /* Build configuration list for PBXProject "Gomoku" */;
			compatibilityVersion = "Xcode 3.2";
			developmentRegion = English;
			hasScannedForEncodings = 0;
			knownRegions = (
				en,
				Base,
			);
			mainGroup = 348598801DAE969300918CB7;
			productRefGroup = 3485988A1DAE969300918CB7 /* Products */;
			projectDirPath = "";
			projectRoot = "";
			targets = (
				348598881DAE969300918CB7 /* Gomoku */,
				3485989C1DAE969300918CB7 /* GomokuTests */,
			);
		};
/* End PBXProject section */

/* Begin PBXResourcesBuildPhase section */
		348598871DAE969300918CB7 /* Resources */ = {
			isa = PBXResourcesBuildPhase;
			buildActionMask = 2147483647;
			files = (
				348598971DAE969300918CB7 /* LaunchScreen.storyboard in Resources */,
				348598941DAE969300918CB7 /* Assets.xcassets in Resources */,
				348598921DAE969300918CB7 /* Main.storyboard in Resources */,
			);
			runOnlyForDeploymentPostprocessing = 0;
		};
		3485989B1DAE969300918CB7 /* Resources */ = {
			isa = PBXResourcesBuildPhase;
			buildActionMask = 2147483647;
			files = (
			);
			runOnlyForDeploymentPostprocessing = 0;
		};
/* End PBXResourcesBuildPhase section */

/* Begin PBXSourcesBuildPhase section */
		348598851DAE969300918CB7 /* Sources */ = {
			isa = PBXSourcesBuildPhase;
			buildActionMask = 2147483647;
			files = (
				3485988F1DAE969300918CB7 /* ViewController.swift in Sources */,
				348598B31DAEAB5A00918CB7 /* BoardError.swift in Sources */,
				3485988D1DAE969300918CB7 /* AppDelegate.swift in Sources */,
				348598AD1DAE973A00918CB7 /* Board.swift in Sources */,
				348598B11DAE9E5000918CB7 /* Position.swift in Sources */,
				348598AF1DAE9E3F00918CB7 /* Stone.swift in Sources */,
				34827BA31DB0429C002E4062 /* Rule.swift in Sources */,
			);
			runOnlyForDeploymentPostprocessing = 0;
		};
		348598991DAE969300918CB7 /* Sources */ = {
			isa = PBXSourcesBuildPhase;
			buildActionMask = 2147483647;
			files = (
				348598A21DAE969300918CB7 /* BoardTests.swift in Sources */,
				34827BA11DB041E7002E4062 /* RuleTests.swift in Sources */,
			);
			runOnlyForDeploymentPostprocessing = 0;
		};
/* End PBXSourcesBuildPhase section */

/* Begin PBXTargetDependency section */
		3485989F1DAE969300918CB7 /* PBXTargetDependency */ = {
			isa = PBXTargetDependency;
			target = 348598881DAE969300918CB7 /* Gomoku */;
			targetProxy = 3485989E1DAE969300918CB7 /* PBXContainerItemProxy */;
		};
/* End PBXTargetDependency section */

/* Begin PBXVariantGroup section */
		348598901DAE969300918CB7 /* Main.storyboard */ = {
			isa = PBXVariantGroup;
			children = (
				348598911DAE969300918CB7 /* Base */,
			);
			name = Main.storyboard;
			path = .;
			sourceTree = "<group>";
		};
		348598951DAE969300918CB7 /* LaunchScreen.storyboard */ = {
			isa = PBXVariantGroup;
			children = (
				348598961DAE969300918CB7 /* Base */,
			);
			name = LaunchScreen.storyboard;
			path = .;
			sourceTree = "<group>";
		};
/* End PBXVariantGroup section */

/* Begin XCBuildConfiguration section */
		348598A41DAE969300918CB7 /* Debug */ = {
			isa = XCBuildConfiguration;
			buildSettings = {
				ALWAYS_SEARCH_USER_PATHS = NO;
				CLANG_ANALYZER_NONNULL = YES;
				CLANG_CXX_LANGUAGE_STANDARD = "gnu++0x";
				CLANG_CXX_LIBRARY = "libc++";
				CLANG_ENABLE_MODULES = YES;
				CLANG_ENABLE_OBJC_ARC = YES;
				CLANG_WARN_BOOL_CONVERSION = YES;
				CLANG_WARN_CONSTANT_CONVERSION = YES;
				CLANG_WARN_DIRECT_OBJC_ISA_USAGE = YES_ERROR;
				CLANG_WARN_EMPTY_BODY = YES;
				CLANG_WARN_ENUM_CONVERSION = YES;
				CLANG_WARN_INFINITE_RECURSION = YES;
				CLANG_WARN_INT_CONVERSION = YES;
				CLANG_WARN_OBJC_ROOT_CLASS = YES_ERROR;
				CLANG_WARN_SUSPICIOUS_MOVE = YES;
				CLANG_WARN_UNREACHABLE_CODE = YES;
				CLANG_WARN__DUPLICATE_METHOD_MATCH = YES;
				"CODE_SIGN_IDENTITY[sdk=iphoneos*]" = "iPhone Developer";
				COPY_PHASE_STRIP = NO;
				DEBUG_INFORMATION_FORMAT = dwarf;
				ENABLE_STRICT_OBJC_MSGSEND = YES;
				ENABLE_TESTABILITY = YES;
				GCC_C_LANGUAGE_STANDARD = gnu99;
				GCC_DYNAMIC_NO_PIC = NO;
				GCC_NO_COMMON_BLOCKS = YES;
				GCC_OPTIMIZATION_LEVEL = 0;
				GCC_PREPROCESSOR_DEFINITIONS = (
					"DEBUG=1",
					"$(inherited)",
				);
				GCC_WARN_64_TO_32_BIT_CONVERSION = YES;
				GCC_WARN_ABOUT_RETURN_TYPE = YES_ERROR;
				GCC_WARN_UNDECLARED_SELECTOR = YES;
				GCC_WARN_UNINITIALIZED_AUTOS = YES_AGGRESSIVE;
				GCC_WARN_UNUSED_FUNCTION = YES;
				GCC_WARN_UNUSED_VARIABLE = YES;
				IPHONEOS_DEPLOYMENT_TARGET = 9.3;
				MTL_ENABLE_DEBUG_INFO = YES;
				ONLY_ACTIVE_ARCH = YES;
				SDKROOT = iphoneos;
				SWIFT_OPTIMIZATION_LEVEL = "-Onone";
				TARGETED_DEVICE_FAMILY = "1,2";
			};
			name = Debug;
		};
		348598A51DAE969300918CB7 /* Release */ = {
			isa = XCBuildConfiguration;
			buildSettings = {
				ALWAYS_SEARCH_USER_PATHS = NO;
				CLANG_ANALYZER_NONNULL = YES;
				CLANG_CXX_LANGUAGE_STANDARD = "gnu++0x";
				CLANG_CXX_LIBRARY = "libc++";
				CLANG_ENABLE_MODULES = YES;
				CLANG_ENABLE_OBJC_ARC = YES;
				CLANG_WARN_BOOL_CONVERSION = YES;
				CLANG_WARN_CONSTANT_CONVERSION = YES;
				CLANG_WARN_DIRECT_OBJC_ISA_USAGE = YES_ERROR;
				CLANG_WARN_EMPTY_BODY = YES;
				CLANG_WARN_ENUM_CONVERSION = YES;
				CLANG_WARN_INFINITE_RECURSION = YES;
				CLANG_WARN_INT_CONVERSION = YES;
				CLANG_WARN_OBJC_ROOT_CLASS = YES_ERROR;
				CLANG_WARN_SUSPICIOUS_MOVE = YES;
				CLANG_WARN_UNREACHABLE_CODE = YES;
				CLANG_WARN__DUPLICATE_METHOD_MATCH = YES;
				"CODE_SIGN_IDENTITY[sdk=iphoneos*]" = "iPhone Developer";
				COPY_PHASE_STRIP = NO;
				DEBUG_INFORMATION_FORMAT = "dwarf-with-dsym";
				ENABLE_NS_ASSERTIONS = NO;
				ENABLE_STRICT_OBJC_MSGSEND = YES;
				GCC_C_LANGUAGE_STANDARD = gnu99;
				GCC_NO_COMMON_BLOCKS = YES;
				GCC_WARN_64_TO_32_BIT_CONVERSION = YES;
				GCC_WARN_ABOUT_RETURN_TYPE = YES_ERROR;
				GCC_WARN_UNDECLARED_SELECTOR = YES;
				GCC_WARN_UNINITIALIZED_AUTOS = YES_AGGRESSIVE;
				GCC_WARN_UNUSED_FUNCTION = YES;
				GCC_WARN_UNUSED_VARIABLE = YES;
				IPHONEOS_DEPLOYMENT_TARGET = 9.3;
				MTL_ENABLE_DEBUG_INFO = NO;
				SDKROOT = iphoneos;
				SWIFT_OPTIMIZATION_LEVEL = "-Owholemodule";
				TARGETED_DEVICE_FAMILY = "1,2";
				VALIDATE_PRODUCT = YES;
			};
			name = Release;
		};
		348598A71DAE969300918CB7 /* Debug */ = {
			isa = XCBuildConfiguration;
			buildSettings = {
				ASSETCATALOG_COMPILER_APPICON_NAME = AppIcon;
				INFOPLIST_FILE = Gomoku/Base/Info.plist;
				LD_RUNPATH_SEARCH_PATHS = "$(inherited) @executable_path/Frameworks";
				PRODUCT_BUNDLE_IDENTIFIER = io.github.ronanrodrigo.Gomoku;
				PRODUCT_NAME = "$(TARGET_NAME)";
				SWIFT_VERSION = 3.0;
			};
			name = Debug;
		};
		348598A81DAE969300918CB7 /* Release */ = {
			isa = XCBuildConfiguration;
			buildSettings = {
				ASSETCATALOG_COMPILER_APPICON_NAME = AppIcon;
				INFOPLIST_FILE = Gomoku/Base/Info.plist;
				LD_RUNPATH_SEARCH_PATHS = "$(inherited) @executable_path/Frameworks";
				PRODUCT_BUNDLE_IDENTIFIER = io.github.ronanrodrigo.Gomoku;
				PRODUCT_NAME = "$(TARGET_NAME)";
				SWIFT_VERSION = 3.0;
			};
			name = Release;
		};
		348598AA1DAE969300918CB7 /* Debug */ = {
			isa = XCBuildConfiguration;
			buildSettings = {
				BUNDLE_LOADER = "$(TEST_HOST)";
				INFOPLIST_FILE = GomokuTests/Base/Info.plist;
				LD_RUNPATH_SEARCH_PATHS = "$(inherited) @executable_path/Frameworks @loader_path/Frameworks";
				PRODUCT_BUNDLE_IDENTIFIER = io.github.ronanrodrigo.GomokuTests;
				PRODUCT_NAME = "$(TARGET_NAME)";
				SWIFT_VERSION = 3.0;
				TEST_HOST = "$(BUILT_PRODUCTS_DIR)/Gomoku.app/Gomoku";
			};
			name = Debug;
		};
		348598AB1DAE969300918CB7 /* Release */ = {
			isa = XCBuildConfiguration;
			buildSettings = {
				BUNDLE_LOADER = "$(TEST_HOST)";
				INFOPLIST_FILE = GomokuTests/Base/Info.plist;
				LD_RUNPATH_SEARCH_PATHS = "$(inherited) @executable_path/Frameworks @loader_path/Frameworks";
				PRODUCT_BUNDLE_IDENTIFIER = io.github.ronanrodrigo.GomokuTests;
				PRODUCT_NAME = "$(TARGET_NAME)";
				SWIFT_VERSION = 3.0;
				TEST_HOST = "$(BUILT_PRODUCTS_DIR)/Gomoku.app/Gomoku";
			};
			name = Release;
		};
/* End XCBuildConfiguration section */

/* Begin XCConfigurationList section */
		348598841DAE969300918CB7 /* Build configuration list for PBXProject "Gomoku" */ = {
			isa = XCConfigurationList;
			buildConfigurations = (
				348598A41DAE969300918CB7 /* Debug */,
				348598A51DAE969300918CB7 /* Release */,
			);
			defaultConfigurationIsVisible = 0;
			defaultConfigurationName = Release;
		};
		348598A61DAE969300918CB7 /* Build configuration list for PBXNativeTarget "Gomoku" */ = {
			isa = XCConfigurationList;
			buildConfigurations = (
				348598A71DAE969300918CB7 /* Debug */,
				348598A81DAE969300918CB7 /* Release */,
			);
			defaultConfigurationIsVisible = 0;
			defaultConfigurationName = Release;
		};
		348598A91DAE969300918CB7 /* Build configuration list for PBXNativeTarget "GomokuTests" */ = {
			isa = XCConfigurationList;
			buildConfigurations = (
				348598AA1DAE969300918CB7 /* Debug */,
				348598AB1DAE969300918CB7 /* Release */,
			);
			defaultConfigurationIsVisible = 0;
			defaultConfigurationName = Release;
		};
/* End XCConfigurationList section */
	};
	rootObject = 348598811DAE969300918CB7 /* Project object */;
}
